
Microsoft Visual Studio Solution File, Format Version 12.00
# Visual Studio 15
VisualStudioVersion = 15.0.28307.421
MinimumVisualStudioVersion = 10.0.40219.1
Project("{FAE04EC0-301F-11D3-BF4B-00C04F79EFBC}") = "Tech_1", "Tech_1\Tech_1.csproj", "{B383A996-0432-483B-B064-B340187FD0B0}"
EndProject
Project("{FAE04EC0-301F-11D3-BF4B-00C04F79EFBC}") = "server", "server\server.csproj", "{1DA152DF-7A64-469D-82D9-F2605E206BA9}"
EndProject
Global
	GlobalSection(SolutionConfigurationPlatforms) = preSolution
		Debug|Any CPU = Debug|Any CPU
		Release|Any CPU = Release|Any CPU
	EndGlobalSection
	GlobalSection(ProjectConfigurationPlatforms) = postSolution
		{B383A996-0432-483B-B064-B340187FD0B0}.Debug|Any CPU.ActiveCfg = Debug|Any CPU
		{B383A996-0432-483B-B064-B340187FD0B0}.Debug|Any CPU.Build.0 = Debug|Any CPU
		{B383A996-0432-483B-B064-B340187FD0B0}.Release|Any CPU.ActiveCfg = Release|Any CPU
		{B383A996-0432-483B-B064-B340187FD0B0}.Release|Any CPU.Build.0 = Release|Any CPU
		{1DA152DF-7A64-469D-82D9-F2605E206BA9}.Debug|Any CPU.ActiveCfg = Debug|Any CPU
		{1DA152DF-7A64-469D-82D9-F2605E206BA9}.Debug|Any CPU.Build.0 = Debug|Any CPU
		{1DA152DF-7A64-469D-82D9-F2605E206BA9}.Release|Any CPU.ActiveCfg = Release|Any CPU
		{1DA152DF-7A64-469D-82D9-F2605E206BA9}.Release|Any CPU.Build.0 = Release|Any CPU
	EndGlobalSection
	GlobalSection(SolutionProperties) = preSolution
		HideSolutionNode = FALSE
	EndGlobalSection
	GlobalSection(ExtensibilityGlobals) = postSolution
		SolutionGuid = {21E7472F-9449-43E0-9E48-D43B367B91DE}
	EndGlobalSection
EndGlobal
